
Microsoft Visual Studio Solution File, Format Version 12.00
# Visual Studio Version 17
VisualStudioVersion = 17.10.34916.146
MinimumVisualStudioVersion = 10.0.40219.1
Project("{FAE04EC0-301F-11D3-BF4B-00C04F79EFBC}") = "BankAccount", "BankAccount.csproj", "{32B9C72F-F5A9-4B30-851E-4D3E7AD1B657}"
EndProject
Project("{2150E333-8FDC-42A3-9474-1A3956D46DE8}") = "Projektmappenelemente", "Projektmappenelemente", "{7B925CAD-0AF2-4E21-B011-0DA0DD03F92B}"
	ProjectSection(SolutionItems) = preProject
		BankAccount.cs = BankAccount.cs
	EndProjectSection
EndProject
Global
	GlobalSection(SolutionConfigurationPlatforms) = preSolution
		Debug|Any CPU = Debug|Any CPU
		Release|Any CPU = Release|Any CPU
	EndGlobalSection
	GlobalSection(ProjectConfigurationPlatforms) = postSolution
		{32B9C72F-F5A9-4B30-851E-4D3E7AD1B657}.Debug|Any CPU.ActiveCfg = Debug|Any CPU
		{32B9C72F-F5A9-4B30-851E-4D3E7AD1B657}.Debug|Any CPU.Build.0 = Debug|Any CPU
		{32B9C72F-F5A9-4B30-851E-4D3E7AD1B657}.Release|Any CPU.ActiveCfg = Release|Any CPU
		{32B9C72F-F5A9-4B30-851E-4D3E7AD1B657}.Release|Any CPU.Build.0 = Release|Any CPU
	EndGlobalSection
	GlobalSection(SolutionProperties) = preSolution
		HideSolutionNode = FALSE
	EndGlobalSection
	GlobalSection(ExtensibilityGlobals) = postSolution
		SolutionGuid = {84958270-735E-4851-BA77-5D711EE1E0E2}
	EndGlobalSection
EndGlobal
